github.com/khirono/go-genl v1.0.1 h1:9/7V52C/lkifC0zjZZaAN6GghQSLZkuNz87vxemyzeY=
github.com/khirono/go-genl v1.0.1/go.mod h1:EQ4XpG8LUJTtozdrgcsAgJm++r3l94/LwCia4Rq4Scs=
github.com/khirono/go-nl v1.0.4 h1:MKdgv6HiJyFvM5qb8r7Sy6LbcUmK4yB7542u6JM0sBE=
github.com/khirono/go-nl v1.0.4/go.mod h1:PzYeSjD38fzV7mX5DuaCZvnwx2kD/o7XgHyzuJxoi7U=
github.com/khirono/go-rtnllink v1.1.1 h1:VsJbbW2HbqIZ62qit5FsehxR0gnrfDp7GE9fSTqHUDY=
github.com/khirono/go-rtnllink v1.1.1/go.mod h1:FqrOS6/iGjmK30oNB3snEtXXd0JRT9nJ/98/605IiO0=
