github.com/khirono/go-genl v1.0.0 h1:o1U5mxKce5VaBooGEgD5fTct19Oo/amqJalw0UOdwpA=
github.com/khirono/go-genl v1.0.0/go.mod h1:TenVrVyXS8d/UOBCDNAdeLOMxsPiodOVfQma4z+Uv6A=
github.com/khirono/go-nl v1.0.0/go.mod h1:PzYeSjD38fzV7mX5DuaCZvnwx2kD/o7XgHyzuJxoi7U=
github.com/khirono/go-nl v1.0.1 h1:Md8Y1h2STw/UxuBBIofdXyY0JPxIKIe/jqpEsD+rQpA=
github.com/khirono/go-nl v1.0.1/go.mod h1:PzYeSjD38fzV7mX5DuaCZvnwx2kD/o7XgHyzuJxoi7U=
github.com/khirono/go-rtnllink v1.0.0 h1:PXk/7Tv/S7hV46cFE44WDUAv7ESGk8N448bvA/v8O5I=
github.com/khirono/go-rtnllink v1.0.0/go.mod h1:nyOYtyXltMI1dEWrcyv1z0qSDEoIEKg9HL67MZMzr+Q=
